
Microsoft Visual Studio Solution File, Format Version 12.00
# Visual Studio Version 17
VisualStudioVersion = 17.0.31903.59
MinimumVisualStudioVersion = 10.0.40219.1
Project("{2150E333-8FDC-42A3-9474-1A3956D46DE8}") = "Core", "Core", "{FBF56CC3-7AE6-AD2D-3F14-7F97FD322CD6}"
EndProject
Project("{2150E333-8FDC-42A3-9474-1A3956D46DE8}") = "Infrastructure", "Infrastructure", "{A1B2C3D4-E5F6-7890-ABCD-EF1234567890}"
EndProject
Project("{2150E333-8FDC-42A3-9474-1A3956D46DE8}") = "Identity", "Identity", "{E5F6A7B8-C9D0-1234-ABCD-EF0123456789}"
EndProject
Project("{2150E333-8FDC-42A3-9474-1A3956D46DE8}") = "Web", "Web", "{F7A8B9C0-D1E2-3456-CDEF-012345678901}"
EndProject
Project("{2150E333-8FDC-42A3-9474-1A3956D46DE8}") = "Realtime", "Realtime", "{B1C2D3E4-F5A6-7890-BCDE-F01234567890}"
EndProject
Project("{2150E333-8FDC-42A3-9474-1A3956D46DE8}") = "Plugins", "Plugins", "{07D57EEB-2F50-60C4-C011-FE4FA775C9A8}"
EndProject
Project("{2150E333-8FDC-42A3-9474-1A3956D46DE8}") = "Configuration", "Configuration", "{D1E2F3A4-B5C6-7890-DEFA-012345678901}"
EndProject
Project("{FAE04EC0-301F-11D3-BF4B-00C04F79EFBC}") = "Nghex.Configuration", "Configuration\Nghex.Configuration\Nghex.Configuration.csproj", "{D2E3F4A5-B6C7-8901-EFAB-012345678902}"
EndProject
Project("{FAE04EC0-301F-11D3-BF4B-00C04F79EFBC}") = "Nghex.Licensing", "Licensing\Nghex.Licensing\Nghex.Licensing.csproj", "{E3F4A5B6-C7D8-9012-FCAB-123456789012}"
EndProject
Project("{FAE04EC0-301F-11D3-BF4B-00C04F79EFBC}") = "Nghex.Core", "Core\Nghex.Core\Nghex.Core.csproj", "{837B91F2-09F2-402A-BDF5-7D29052A0008}"
EndProject
Project("{FAE04EC0-301F-11D3-BF4B-00C04F79EFBC}") = "Nghex.Logging", "Logging\Nghex.Logging\Nghex.Logging.csproj", "{A1B2C3D4-E5F6-7890-ABCD-EF1234567891}"
EndProject
Project("{FAE04EC0-301F-11D3-BF4B-00C04F79EFBC}") = "Nghex.Utilities", "Core\Nghex.Utilities\Nghex.Utilities.csproj", "{9FD9D77C-44C0-41EB-B162-DE3F2CA9C5C1}"
EndProject
Project("{FAE04EC0-301F-11D3-BF4B-00C04F79EFBC}") = "Nghex.Plugins", "Plugins\Nghex.Plugins\Nghex.Plugins.csproj", "{6611F453-0BBE-44CE-8696-AD73ED5518FB}"
EndProject
Project("{FAE04EC0-301F-11D3-BF4B-00C04F79EFBC}") = "Nghex.Data", "Infrastructure\Nghex.Data\Nghex.Data.csproj", "{DD99694D-CBD5-4BAF-9E5A-4EFD1EB1D9D5}"
EndProject
Project("{FAE04EC0-301F-11D3-BF4B-00C04F79EFBC}") = "Nghex.Identity", "Identity\Nghex.Identity\Nghex.Identity.csproj", "{B2C3D4E5-F6A7-8901-BCDE-F01234567891}"
EndProject
Project("{FAE04EC0-301F-11D3-BF4B-00C04F79EFBC}") = "Nghex.Web.AspNetCore", "Web\Nghex.Web.AspNetCore\Nghex.Web.AspNetCore.csproj", "{A2B3C4D5-E6F7-8901-ABCD-EF1234567892}"
EndProject
Project("{FAE04EC0-301F-11D3-BF4B-00C04F79EFBC}") = "Nghex.Realtime.SignalR", "Realtime\Nghex.Realtime.SignalR\Nghex.Realtime.SignalR.csproj", "{FD4D052A-3717-DD7A-3807-4874454B37E7}"
EndProject
Project("{FAE04EC0-301F-11D3-BF4B-00C04F79EFBC}") = "Nghex.Plugins.Abstractions", "Plugins\Nghex.Plugins.Abstractions\Nghex.Plugins.Abstractions.csproj", "{C4D5E6F7-A8B9-0123-CDEF-012345678903}"
EndProject
Project("{FAE04EC0-301F-11D3-BF4B-00C04F79EFBC}") = "Nghex.Base.Abstractions", "Infrastructure\Nghex.Base.Abstractions\Nghex.Base.Abstractions.csproj", "{0B480F18-9909-4FE0-A3B5-60212E3F8B3D}"
EndProject
Global
	GlobalSection(SolutionConfigurationPlatforms) = preSolution
		Debug|Any CPU = Debug|Any CPU
		Debug|x64 = Debug|x64
		Debug|x86 = Debug|x86
		Release|Any CPU = Release|Any CPU
		Release|x64 = Release|x64
		Release|x86 = Release|x86
	EndGlobalSection
	GlobalSection(ProjectConfigurationPlatforms) = postSolution
		{D2E3F4A5-B6C7-8901-EFAB-012345678902}.Debug|Any CPU.ActiveCfg = Debug|Any CPU
		{D2E3F4A5-B6C7-8901-EFAB-012345678902}.Debug|Any CPU.Build.0 = Debug|Any CPU
		{D2E3F4A5-B6C7-8901-EFAB-012345678902}.Debug|x64.ActiveCfg = Debug|Any CPU
		{D2E3F4A5-B6C7-8901-EFAB-012345678902}.Debug|x64.Build.0 = Debug|Any CPU
		{D2E3F4A5-B6C7-8901-EFAB-012345678902}.Debug|x86.ActiveCfg = Debug|Any CPU
		{D2E3F4A5-B6C7-8901-EFAB-012345678902}.Debug|x86.Build.0 = Debug|Any CPU
		{D2E3F4A5-B6C7-8901-EFAB-012345678902}.Release|Any CPU.ActiveCfg = Release|Any CPU
		{D2E3F4A5-B6C7-8901-EFAB-012345678902}.Release|Any CPU.Build.0 = Release|Any CPU
		{D2E3F4A5-B6C7-8901-EFAB-012345678902}.Release|x64.ActiveCfg = Release|Any CPU
		{D2E3F4A5-B6C7-8901-EFAB-012345678902}.Release|x64.Build.0 = Release|Any CPU
		{D2E3F4A5-B6C7-8901-EFAB-012345678902}.Release|x86.ActiveCfg = Release|Any CPU
		{D2E3F4A5-B6C7-8901-EFAB-012345678902}.Release|x86.Build.0 = Release|Any CPU
		{E3F4A5B6-C7D8-9012-FCAB-123456789012}.Debug|Any CPU.ActiveCfg = Debug|Any CPU
		{E3F4A5B6-C7D8-9012-FCAB-123456789012}.Debug|Any CPU.Build.0 = Debug|Any CPU
		{E3F4A5B6-C7D8-9012-FCAB-123456789012}.Debug|x64.ActiveCfg = Debug|Any CPU
		{E3F4A5B6-C7D8-9012-FCAB-123456789012}.Debug|x64.Build.0 = Debug|Any CPU
		{E3F4A5B6-C7D8-9012-FCAB-123456789012}.Debug|x86.ActiveCfg = Debug|Any CPU
		{E3F4A5B6-C7D8-9012-FCAB-123456789012}.Debug|x86.Build.0 = Debug|Any CPU
		{E3F4A5B6-C7D8-9012-FCAB-123456789012}.Release|Any CPU.ActiveCfg = Release|Any CPU
		{E3F4A5B6-C7D8-9012-FCAB-123456789012}.Release|Any CPU.Build.0 = Release|Any CPU
		{E3F4A5B6-C7D8-9012-FCAB-123456789012}.Release|x64.ActiveCfg = Release|Any CPU
		{E3F4A5B6-C7D8-9012-FCAB-123456789012}.Release|x64.Build.0 = Release|Any CPU
		{E3F4A5B6-C7D8-9012-FCAB-123456789012}.Release|x86.ActiveCfg = Release|Any CPU
		{E3F4A5B6-C7D8-9012-FCAB-123456789012}.Release|x86.Build.0 = Release|Any CPU
		{837B91F2-09F2-402A-BDF5-7D29052A0008}.Debug|Any CPU.ActiveCfg = Debug|Any CPU
		{837B91F2-09F2-402A-BDF5-7D29052A0008}.Debug|Any CPU.Build.0 = Debug|Any CPU
		{837B91F2-09F2-402A-BDF5-7D29052A0008}.Debug|x64.ActiveCfg = Debug|Any CPU
		{837B91F2-09F2-402A-BDF5-7D29052A0008}.Debug|x64.Build.0 = Debug|Any CPU
		{837B91F2-09F2-402A-BDF5-7D29052A0008}.Debug|x86.ActiveCfg = Debug|Any CPU
		{837B91F2-09F2-402A-BDF5-7D29052A0008}.Debug|x86.Build.0 = Debug|Any CPU
		{837B91F2-09F2-402A-BDF5-7D29052A0008}.Release|Any CPU.ActiveCfg = Release|Any CPU
		{837B91F2-09F2-402A-BDF5-7D29052A0008}.Release|Any CPU.Build.0 = Release|Any CPU
		{837B91F2-09F2-402A-BDF5-7D29052A0008}.Release|x64.ActiveCfg = Release|Any CPU
		{837B91F2-09F2-402A-BDF5-7D29052A0008}.Release|x64.Build.0 = Release|Any CPU
		{837B91F2-09F2-402A-BDF5-7D29052A0008}.Release|x86.ActiveCfg = Release|Any CPU
		{837B91F2-09F2-402A-BDF5-7D29052A0008}.Release|x86.Build.0 = Release|Any CPU
		{A1B2C3D4-E5F6-7890-ABCD-EF1234567891}.Debug|Any CPU.ActiveCfg = Debug|Any CPU
		{A1B2C3D4-E5F6-7890-ABCD-EF1234567891}.Debug|Any CPU.Build.0 = Debug|Any CPU
		{A1B2C3D4-E5F6-7890-ABCD-EF1234567891}.Debug|x64.ActiveCfg = Debug|Any CPU
		{A1B2C3D4-E5F6-7890-ABCD-EF1234567891}.Debug|x64.Build.0 = Debug|Any CPU
		{A1B2C3D4-E5F6-7890-ABCD-EF1234567891}.Debug|x86.ActiveCfg = Debug|Any CPU
		{A1B2C3D4-E5F6-7890-ABCD-EF1234567891}.Debug|x86.Build.0 = Debug|Any CPU
		{A1B2C3D4-E5F6-7890-ABCD-EF1234567891}.Release|Any CPU.ActiveCfg = Release|Any CPU
		{A1B2C3D4-E5F6-7890-ABCD-EF1234567891}.Release|Any CPU.Build.0 = Release|Any CPU
		{A1B2C3D4-E5F6-7890-ABCD-EF1234567891}.Release|x64.ActiveCfg = Release|Any CPU
		{A1B2C3D4-E5F6-7890-ABCD-EF1234567891}.Release|x64.Build.0 = Release|Any CPU
		{A1B2C3D4-E5F6-7890-ABCD-EF1234567891}.Release|x86.ActiveCfg = Release|Any CPU
		{A1B2C3D4-E5F6-7890-ABCD-EF1234567891}.Release|x86.Build.0 = Release|Any CPU
		{9FD9D77C-44C0-41EB-B162-DE3F2CA9C5C1}.Debug|Any CPU.ActiveCfg = Debug|Any CPU
		{9FD9D77C-44C0-41EB-B162-DE3F2CA9C5C1}.Debug|Any CPU.Build.0 = Debug|Any CPU
		{9FD9D77C-44C0-41EB-B162-DE3F2CA9C5C1}.Debug|x64.ActiveCfg = Debug|Any CPU
		{9FD9D77C-44C0-41EB-B162-DE3F2CA9C5C1}.Debug|x64.Build.0 = Debug|Any CPU
		{9FD9D77C-44C0-41EB-B162-DE3F2CA9C5C1}.Debug|x86.ActiveCfg = Debug|Any CPU
		{9FD9D77C-44C0-41EB-B162-DE3F2CA9C5C1}.Debug|x86.Build.0 = Debug|Any CPU
		{9FD9D77C-44C0-41EB-B162-DE3F2CA9C5C1}.Release|Any CPU.ActiveCfg = Release|Any CPU
		{9FD9D77C-44C0-41EB-B162-DE3F2CA9C5C1}.Release|Any CPU.Build.0 = Release|Any CPU
		{9FD9D77C-44C0-41EB-B162-DE3F2CA9C5C1}.Release|x64.ActiveCfg = Release|Any CPU
		{9FD9D77C-44C0-41EB-B162-DE3F2CA9C5C1}.Release|x64.Build.0 = Release|Any CPU
		{9FD9D77C-44C0-41EB-B162-DE3F2CA9C5C1}.Release|x86.ActiveCfg = Release|Any CPU
		{9FD9D77C-44C0-41EB-B162-DE3F2CA9C5C1}.Release|x86.Build.0 = Release|Any CPU
		{6611F453-0BBE-44CE-8696-AD73ED5518FB}.Debug|Any CPU.ActiveCfg = Debug|Any CPU
		{6611F453-0BBE-44CE-8696-AD73ED5518FB}.Debug|Any CPU.Build.0 = Debug|Any CPU
		{6611F453-0BBE-44CE-8696-AD73ED5518FB}.Debug|x64.ActiveCfg = Debug|Any CPU
		{6611F453-0BBE-44CE-8696-AD73ED5518FB}.Debug|x64.Build.0 = Debug|Any CPU
		{6611F453-0BBE-44CE-8696-AD73ED5518FB}.Debug|x86.ActiveCfg = Debug|Any CPU
		{6611F453-0BBE-44CE-8696-AD73ED5518FB}.Debug|x86.Build.0 = Debug|Any CPU
		{6611F453-0BBE-44CE-8696-AD73ED5518FB}.Release|Any CPU.ActiveCfg = Release|Any CPU
		{6611F453-0BBE-44CE-8696-AD73ED5518FB}.Release|Any CPU.Build.0 = Release|Any CPU
		{6611F453-0BBE-44CE-8696-AD73ED5518FB}.Release|x64.ActiveCfg = Release|Any CPU
		{6611F453-0BBE-44CE-8696-AD73ED5518FB}.Release|x64.Build.0 = Release|Any CPU
		{6611F453-0BBE-44CE-8696-AD73ED5518FB}.Release|x86.ActiveCfg = Release|Any CPU
		{6611F453-0BBE-44CE-8696-AD73ED5518FB}.Release|x86.Build.0 = Release|Any CPU
		{DD99694D-CBD5-4BAF-9E5A-4EFD1EB1D9D5}.Debug|Any CPU.ActiveCfg = Debug|Any CPU
		{DD99694D-CBD5-4BAF-9E5A-4EFD1EB1D9D5}.Debug|Any CPU.Build.0 = Debug|Any CPU
		{DD99694D-CBD5-4BAF-9E5A-4EFD1EB1D9D5}.Debug|x64.ActiveCfg = Debug|Any CPU
		{DD99694D-CBD5-4BAF-9E5A-4EFD1EB1D9D5}.Debug|x64.Build.0 = Debug|Any CPU
		{DD99694D-CBD5-4BAF-9E5A-4EFD1EB1D9D5}.Debug|x86.ActiveCfg = Debug|Any CPU
		{DD99694D-CBD5-4BAF-9E5A-4EFD1EB1D9D5}.Debug|x86.Build.0 = Debug|Any CPU
		{DD99694D-CBD5-4BAF-9E5A-4EFD1EB1D9D5}.Release|Any CPU.ActiveCfg = Release|Any CPU
		{DD99694D-CBD5-4BAF-9E5A-4EFD1EB1D9D5}.Release|Any CPU.Build.0 = Release|Any CPU
		{DD99694D-CBD5-4BAF-9E5A-4EFD1EB1D9D5}.Release|x64.ActiveCfg = Release|Any CPU
		{DD99694D-CBD5-4BAF-9E5A-4EFD1EB1D9D5}.Release|x64.Build.0 = Release|Any CPU
		{DD99694D-CBD5-4BAF-9E5A-4EFD1EB1D9D5}.Release|x86.ActiveCfg = Release|Any CPU
		{DD99694D-CBD5-4BAF-9E5A-4EFD1EB1D9D5}.Release|x86.Build.0 = Release|Any CPU
		{B2C3D4E5-F6A7-8901-BCDE-F01234567891}.Debug|Any CPU.ActiveCfg = Debug|Any CPU
		{B2C3D4E5-F6A7-8901-BCDE-F01234567891}.Debug|Any CPU.Build.0 = Debug|Any CPU
		{B2C3D4E5-F6A7-8901-BCDE-F01234567891}.Debug|x64.ActiveCfg = Debug|Any CPU
		{B2C3D4E5-F6A7-8901-BCDE-F01234567891}.Debug|x64.Build.0 = Debug|Any CPU
		{B2C3D4E5-F6A7-8901-BCDE-F01234567891}.Debug|x86.ActiveCfg = Debug|Any CPU
		{B2C3D4E5-F6A7-8901-BCDE-F01234567891}.Debug|x86.Build.0 = Debug|Any CPU
		{B2C3D4E5-F6A7-8901-BCDE-F01234567891}.Release|Any CPU.ActiveCfg = Release|Any CPU
		{B2C3D4E5-F6A7-8901-BCDE-F01234567891}.Release|Any CPU.Build.0 = Release|Any CPU
		{B2C3D4E5-F6A7-8901-BCDE-F01234567891}.Release|x64.ActiveCfg = Release|Any CPU
		{B2C3D4E5-F6A7-8901-BCDE-F01234567891}.Release|x64.Build.0 = Release|Any CPU
		{B2C3D4E5-F6A7-8901-BCDE-F01234567891}.Release|x86.ActiveCfg = Release|Any CPU
		{B2C3D4E5-F6A7-8901-BCDE-F01234567891}.Release|x86.Build.0 = Release|Any CPU
		{A2B3C4D5-E6F7-8901-ABCD-EF1234567892}.Debug|Any CPU.ActiveCfg = Debug|Any CPU
		{A2B3C4D5-E6F7-8901-ABCD-EF1234567892}.Debug|Any CPU.Build.0 = Debug|Any CPU
		{A2B3C4D5-E6F7-8901-ABCD-EF1234567892}.Debug|x64.ActiveCfg = Debug|Any CPU
		{A2B3C4D5-E6F7-8901-ABCD-EF1234567892}.Debug|x64.Build.0 = Debug|Any CPU
		{A2B3C4D5-E6F7-8901-ABCD-EF1234567892}.Debug|x86.ActiveCfg = Debug|Any CPU
		{A2B3C4D5-E6F7-8901-ABCD-EF1234567892}.Debug|x86.Build.0 = Debug|Any CPU
		{A2B3C4D5-E6F7-8901-ABCD-EF1234567892}.Release|Any CPU.ActiveCfg = Release|Any CPU
		{A2B3C4D5-E6F7-8901-ABCD-EF1234567892}.Release|Any CPU.Build.0 = Release|Any CPU
		{A2B3C4D5-E6F7-8901-ABCD-EF1234567892}.Release|x64.ActiveCfg = Release|Any CPU
		{A2B3C4D5-E6F7-8901-ABCD-EF1234567892}.Release|x64.Build.0 = Release|Any CPU
		{A2B3C4D5-E6F7-8901-ABCD-EF1234567892}.Release|x86.ActiveCfg = Release|Any CPU
		{A2B3C4D5-E6F7-8901-ABCD-EF1234567892}.Release|x86.Build.0 = Release|Any CPU
		{FD4D052A-3717-DD7A-3807-4874454B37E7}.Debug|Any CPU.ActiveCfg = Debug|Any CPU
		{FD4D052A-3717-DD7A-3807-4874454B37E7}.Debug|Any CPU.Build.0 = Debug|Any CPU
		{FD4D052A-3717-DD7A-3807-4874454B37E7}.Debug|x64.ActiveCfg = Debug|Any CPU
		{FD4D052A-3717-DD7A-3807-4874454B37E7}.Debug|x64.Build.0 = Debug|Any CPU
		{FD4D052A-3717-DD7A-3807-4874454B37E7}.Debug|x86.ActiveCfg = Debug|Any CPU
		{FD4D052A-3717-DD7A-3807-4874454B37E7}.Debug|x86.Build.0 = Debug|Any CPU
		{FD4D052A-3717-DD7A-3807-4874454B37E7}.Release|Any CPU.ActiveCfg = Release|Any CPU
		{FD4D052A-3717-DD7A-3807-4874454B37E7}.Release|Any CPU.Build.0 = Release|Any CPU
		{FD4D052A-3717-DD7A-3807-4874454B37E7}.Release|x64.ActiveCfg = Release|Any CPU
		{FD4D052A-3717-DD7A-3807-4874454B37E7}.Release|x64.Build.0 = Release|Any CPU
		{FD4D052A-3717-DD7A-3807-4874454B37E7}.Release|x86.ActiveCfg = Release|Any CPU
		{FD4D052A-3717-DD7A-3807-4874454B37E7}.Release|x86.Build.0 = Release|Any CPU
		{C4D5E6F7-A8B9-0123-CDEF-012345678903}.Debug|Any CPU.ActiveCfg = Debug|Any CPU
		{C4D5E6F7-A8B9-0123-CDEF-012345678903}.Debug|Any CPU.Build.0 = Debug|Any CPU
		{C4D5E6F7-A8B9-0123-CDEF-012345678903}.Debug|x64.ActiveCfg = Debug|Any CPU
		{C4D5E6F7-A8B9-0123-CDEF-012345678903}.Debug|x64.Build.0 = Debug|Any CPU
		{C4D5E6F7-A8B9-0123-CDEF-012345678903}.Debug|x86.ActiveCfg = Debug|Any CPU
		{C4D5E6F7-A8B9-0123-CDEF-012345678903}.Debug|x86.Build.0 = Debug|Any CPU
		{C4D5E6F7-A8B9-0123-CDEF-012345678903}.Release|Any CPU.ActiveCfg = Release|Any CPU
		{C4D5E6F7-A8B9-0123-CDEF-012345678903}.Release|Any CPU.Build.0 = Release|Any CPU
		{C4D5E6F7-A8B9-0123-CDEF-012345678903}.Release|x64.ActiveCfg = Release|Any CPU
		{C4D5E6F7-A8B9-0123-CDEF-012345678903}.Release|x64.Build.0 = Release|Any CPU
		{C4D5E6F7-A8B9-0123-CDEF-012345678903}.Release|x86.ActiveCfg = Release|Any CPU
		{C4D5E6F7-A8B9-0123-CDEF-012345678903}.Release|x86.Build.0 = Release|Any CPU
		{0B480F18-9909-4FE0-A3B5-60212E3F8B3D}.Debug|Any CPU.ActiveCfg = Debug|Any CPU
		{0B480F18-9909-4FE0-A3B5-60212E3F8B3D}.Debug|Any CPU.Build.0 = Debug|Any CPU
		{0B480F18-9909-4FE0-A3B5-60212E3F8B3D}.Debug|x64.ActiveCfg = Debug|Any CPU
		{0B480F18-9909-4FE0-A3B5-60212E3F8B3D}.Debug|x64.Build.0 = Debug|Any CPU
		{0B480F18-9909-4FE0-A3B5-60212E3F8B3D}.Debug|x86.ActiveCfg = Debug|Any CPU
		{0B480F18-9909-4FE0-A3B5-60212E3F8B3D}.Debug|x86.Build.0 = Debug|Any CPU
		{0B480F18-9909-4FE0-A3B5-60212E3F8B3D}.Release|Any CPU.ActiveCfg = Release|Any CPU
		{0B480F18-9909-4FE0-A3B5-60212E3F8B3D}.Release|Any CPU.Build.0 = Release|Any CPU
		{0B480F18-9909-4FE0-A3B5-60212E3F8B3D}.Release|x64.ActiveCfg = Release|Any CPU
		{0B480F18-9909-4FE0-A3B5-60212E3F8B3D}.Release|x64.Build.0 = Release|Any CPU
		{0B480F18-9909-4FE0-A3B5-60212E3F8B3D}.Release|x86.ActiveCfg = Release|Any CPU
		{0B480F18-9909-4FE0-A3B5-60212E3F8B3D}.Release|x86.Build.0 = Release|Any CPU
	EndGlobalSection
	GlobalSection(SolutionProperties) = preSolution
		HideSolutionNode = FALSE
	EndGlobalSection
	GlobalSection(NestedProjects) = preSolution
		{D2E3F4A5-B6C7-8901-EFAB-012345678902} = {D1E2F3A4-B5C6-7890-DEFA-012345678901}
		{837B91F2-09F2-402A-BDF5-7D29052A0008} = {FBF56CC3-7AE6-AD2D-3F14-7F97FD322CD6}
		{A1B2C3D4-E5F6-7890-ABCD-EF1234567891} = {FBF56CC3-7AE6-AD2D-3F14-7F97FD322CD6}
		{9FD9D77C-44C0-41EB-B162-DE3F2CA9C5C1} = {FBF56CC3-7AE6-AD2D-3F14-7F97FD322CD6}
		{6611F453-0BBE-44CE-8696-AD73ED5518FB} = {FBF56CC3-7AE6-AD2D-3F14-7F97FD322CD6}
		{DD99694D-CBD5-4BAF-9E5A-4EFD1EB1D9D5} = {A1B2C3D4-E5F6-7890-ABCD-EF1234567890}
		{B2C3D4E5-F6A7-8901-BCDE-F01234567891} = {E5F6A7B8-C9D0-1234-ABCD-EF0123456789}
		{A2B3C4D5-E6F7-8901-ABCD-EF1234567892} = {F7A8B9C0-D1E2-3456-CDEF-012345678901}
		{FD4D052A-3717-DD7A-3807-4874454B37E7} = {B1C2D3E4-F5A6-7890-BCDE-F01234567890}
		{C4D5E6F7-A8B9-0123-CDEF-012345678903} = {07D57EEB-2F50-60C4-C011-FE4FA775C9A8}
		{0B480F18-9909-4FE0-A3B5-60212E3F8B3D} = {A1B2C3D4-E5F6-7890-ABCD-EF1234567890}
	EndGlobalSection
EndGlobal
